{
  "version": 4,
  "terraform_version": "1.0.11",
  "serial": 3,
  "lineage": "4054353e-d507-5145-80ab-8c9bae3473e9",
  "outputs": {},
  "resources": [
    {
      "mode": "managed",
      "type": "aws_s3_bucket",
      "name": "b",
      "provider": "provider[\"registry.terraform.io/hashicorp/aws\"]",
      "instances": [
        {
          "schema_version": 0,
          "attributes": {
            "acceleration_status": "",
            "acl": "private",
            "arn": "arn:aws:s3:::fernandobucketttt-dev",
            "bucket": "fernandobucketttt-dev",
            "bucket_domain_name": "fernandobucketttt-dev.s3.amazonaws.com",
            "bucket_prefix": null,
            "bucket_regional_domain_name": "fernandobucketttt-dev.s3.amazonaws.com",
            "cors_rule": [],
            "force_destroy": false,
            "grant": [],
            "hosted_zone_id": "Z3AQBSTGFYJSTF",
            "id": "fernandobucketttt-dev",
            "lifecycle_rule": [],
            "logging": [],
            "object_lock_configuration": [],
            "policy": null,
            "region": "us-east-1",
            "replication_configuration": [],
            "request_payer": "BucketOwner",
            "server_side_encryption_configuration": [],
            "tags": {
              "Environment": "dev",
              "Outra": "hardcode"
            },
            "tags_all": {
              "Environment": "dev",
              "Outra": "hardcode"
            },
            "versioning": [
              {
                "enabled": false,
                "mfa_delete": false
              }
            ],
            "website": [],
            "website_domain": null,
            "website_endpoint": null
          },
          "sensitive_attributes": [],
          "private": "bnVsbA=="
        }
      ]
    }
  ]
}
